# This file is autogenerated, do not edit; changes may be undone by the next 'dep ensure'.


[[projects]]
  name = "github.com/go-sql-driver/mysql"
  packages = ["."]
  revision = "17ef3dd9d98b69acec3e85878995ada9533a9370"
  version = "v1.5.0"

[[projects]]
  name = "github.com/jinzhu/gorm"
  packages = [".","dialects/mysql"]
  revision = "79a77d771dee4e4b60e9c543e8663bbc80466670"
  version = "v1.9.12"

[[projects]]
  name = "github.com/jinzhu/inflection"
  packages = ["."]
  revision = "f5c5f50e6090ae76a29240b61ae2a90dd810112e"
  version = "v1.0.0"

[[projects]]
  name = "github.com/labstack/echo"
  packages = ["."]
  revision = "5793765eedc2207d2a777ae23be11b2f3ba862f2"
  version = "v4.1.13"

[[projects]]
  name = "github.com/labstack/gommon"
  packages = ["color","log"]
  revision = "4919956f6fb227b548f004da27c7c6b20fba499f"
  version = "v0.3.0"

[[projects]]
  name = "github.com/mattn/go-colorable"
  packages = ["."]
  revision = "98ec13f34aabf44cc914c65a1cfb7b9bc815aef1"
  version = "v0.1.4"

[[projects]]
  name = "github.com/mattn/go-isatty"
  packages = ["."]
  revision = "31745d66dd679ac0ac4f8d3ecff168fce6170c6a"
  version = "v0.0.11"

[[projects]]
  branch = "master"
  name = "github.com/streadway/amqp"
  packages = ["."]
  revision = "edfb9018d2714e4ec54dbaba37dbfef2bdadf0e4"

[[projects]]
  name = "github.com/valyala/bytebufferpool"
  packages = ["."]
  revision = "e746df99fe4a3986f4d4f79e13c1e0117ce9c2f7"
  version = "v1.0.0"

[[projects]]
  name = "github.com/valyala/fasttemplate"
  packages = ["."]
  revision = "8fcc7a99b5795b7c3e95172237cf93282fc339a9"
  version = "v1.1.0"

[[projects]]
  branch = "master"
  name = "golang.org/x/crypto"
  packages = ["acme","acme/autocert"]
  revision = "5d647ca1575777a812e903a7e98177174d8c295a"

[[projects]]
  branch = "master"
  name = "golang.org/x/net"
  packages = ["idna"]
  revision = "c0dbc17a35534bf2e581d7a942408dc936316da4"

[[projects]]
  branch = "master"
  name = "golang.org/x/sys"
  packages = ["unix"]
  revision = "548cf772de5052aa878ccb47cdeb7d262b75c8ec"

[[projects]]
  name = "golang.org/x/text"
  packages = ["collate","collate/build","internal/colltab","internal/gen","internal/language","internal/language/compact","internal/tag","internal/triegen","internal/ucd","language","secure/bidirule","transform","unicode/bidi","unicode/cldr","unicode/norm","unicode/rangetable"]
  revision = "342b2e1fbaa52c93f31447ad2c6abc048c63e475"
  version = "v0.3.2"

[solve-meta]
  analyzer-name = "dep"
  analyzer-version = 1
  inputs-digest = "372cee64fea59f88d7ddfeae17ffc8d626d2b4c5fe18a29eb25436c289432b9a"
  solver-name = "gps-cdcl"
  solver-version = 1
